
Microsoft Visual Studio Solution File, Format Version 12.00
# Visual Studio Version 17
VisualStudioVersion = 17.3.32922.545
MinimumVisualStudioVersion = 10.0.40219.1
Project("{FAE04EC0-301F-11D3-BF4B-00C04F79EFBC}") = "ConsoleApp1", "ConsoleApp1\ConsoleApp1.csproj", "{3A47896D-5C90-4DAF-A6F1-D128126BF3BE}"
EndProject
Project("{FAE04EC0-301F-11D3-BF4B-00C04F79EFBC}") = "ConsoleApp2", "ConsoleApp2\ConsoleApp2.csproj", "{235DDE9A-23B8-4C5E-ABD5-91632ADE590A}"
EndProject
Global
	GlobalSection(SolutionConfigurationPlatforms) = preSolution
		Debug|Any CPU = Debug|Any CPU
		Release|Any CPU = Release|Any CPU
	EndGlobalSection
	GlobalSection(ProjectConfigurationPlatforms) = postSolution
		{3A47896D-5C90-4DAF-A6F1-D128126BF3BE}.Debug|Any CPU.ActiveCfg = Debug|Any CPU
		{3A47896D-5C90-4DAF-A6F1-D128126BF3BE}.Debug|Any CPU.Build.0 = Debug|Any CPU
		{3A47896D-5C90-4DAF-A6F1-D128126BF3BE}.Release|Any CPU.ActiveCfg = Release|Any CPU
		{3A47896D-5C90-4DAF-A6F1-D128126BF3BE}.Release|Any CPU.Build.0 = Release|Any CPU
		{235DDE9A-23B8-4C5E-ABD5-91632ADE590A}.Debug|Any CPU.ActiveCfg = Debug|Any CPU
		{235DDE9A-23B8-4C5E-ABD5-91632ADE590A}.Debug|Any CPU.Build.0 = Debug|Any CPU
		{235DDE9A-23B8-4C5E-ABD5-91632ADE590A}.Release|Any CPU.ActiveCfg = Release|Any CPU
		{235DDE9A-23B8-4C5E-ABD5-91632ADE590A}.Release|Any CPU.Build.0 = Release|Any CPU
	EndGlobalSection
	GlobalSection(SolutionProperties) = preSolution
		HideSolutionNode = FALSE
	EndGlobalSection
	GlobalSection(ExtensibilityGlobals) = postSolution
		SolutionGuid = {132A6B10-10B5-423A-B862-67DFAD6ACABA}
	EndGlobalSection
EndGlobal
